
Microsoft Visual Studio Solution File, Format Version 12.00
# Visual Studio 15
VisualStudioVersion = 15.0.28307.106
MinimumVisualStudioVersion = 10.0.40219.1
Project("{9A19103F-16F7-4668-BE54-9A1E7A4F7556}") = "PonyChallenge", "PonyChallenge\PonyChallenge.csproj", "{215793FB-D4AD-49D9-9DA7-F63DE55DEA68}"
EndProject
Project("{9A19103F-16F7-4668-BE54-9A1E7A4F7556}") = "PonyApiClient", "PonyApiClient\PonyApiClient.csproj", "{4949B635-0878-4A3D-9956-E25A2317BD9E}"
EndProject
Global
	GlobalSection(SolutionConfigurationPlatforms) = preSolution
		Debug|Any CPU = Debug|Any CPU
		Release|Any CPU = Release|Any CPU
	EndGlobalSection
	GlobalSection(ProjectConfigurationPlatforms) = postSolution
		{215793FB-D4AD-49D9-9DA7-F63DE55DEA68}.Debug|Any CPU.ActiveCfg = Debug|Any CPU
		{215793FB-D4AD-49D9-9DA7-F63DE55DEA68}.Debug|Any CPU.Build.0 = Debug|Any CPU
		{215793FB-D4AD-49D9-9DA7-F63DE55DEA68}.Release|Any CPU.ActiveCfg = Release|Any CPU
		{215793FB-D4AD-49D9-9DA7-F63DE55DEA68}.Release|Any CPU.Build.0 = Release|Any CPU
		{4949B635-0878-4A3D-9956-E25A2317BD9E}.Debug|Any CPU.ActiveCfg = Debug|Any CPU
		{4949B635-0878-4A3D-9956-E25A2317BD9E}.Debug|Any CPU.Build.0 = Debug|Any CPU
		{4949B635-0878-4A3D-9956-E25A2317BD9E}.Release|Any CPU.ActiveCfg = Release|Any CPU
		{4949B635-0878-4A3D-9956-E25A2317BD9E}.Release|Any CPU.Build.0 = Release|Any CPU
	EndGlobalSection
	GlobalSection(SolutionProperties) = preSolution
		HideSolutionNode = FALSE
	EndGlobalSection
	GlobalSection(ExtensibilityGlobals) = postSolution
		SolutionGuid = {FB942727-8D61-4524-BCE2-9F91BBA9A937}
	EndGlobalSection
EndGlobal
